
Microsoft Visual Studio Solution File, Format Version 12.00
# Visual Studio Version 16
VisualStudioVersion = 16.0.30804.86
MinimumVisualStudioVersion = 10.0.40219.1
Project("{9A19103F-16F7-4668-BE54-9A1E7A4F7556}") = "SOS.FMS.Server", "Server\SOS.FMS.Server.csproj", "{F4519422-227D-46BD-A645-81163AEB53FC}"
EndProject
Project("{9A19103F-16F7-4668-BE54-9A1E7A4F7556}") = "SOS.FMS.Client", "Client\SOS.FMS.Client.csproj", "{97164A8D-001D-42BC-B0BF-9D62E4B3D815}"
EndProject
Project("{9A19103F-16F7-4668-BE54-9A1E7A4F7556}") = "SOS.FMS.Shared", "Shared\SOS.FMS.Shared.csproj", "{DE7A112F-F209-4F7E-91CB-C16D86A091C8}"
EndProject
Project("{FAE04EC0-301F-11D3-BF4B-00C04F79EFBC}") = "WinFormForRdlc", "WinFormForRdlc\WinFormForRdlc.csproj", "{47022B9B-24B9-40C8-B6F7-E983D93F4587}"
EndProject
Global
	GlobalSection(SolutionConfigurationPlatforms) = preSolution
		Debug|Any CPU = Debug|Any CPU
		Release|Any CPU = Release|Any CPU
	EndGlobalSection
	GlobalSection(ProjectConfigurationPlatforms) = postSolution
		{F4519422-227D-46BD-A645-81163AEB53FC}.Debug|Any CPU.ActiveCfg = Debug|Any CPU
		{F4519422-227D-46BD-A645-81163AEB53FC}.Debug|Any CPU.Build.0 = Debug|Any CPU
		{F4519422-227D-46BD-A645-81163AEB53FC}.Release|Any CPU.ActiveCfg = Release|Any CPU
		{F4519422-227D-46BD-A645-81163AEB53FC}.Release|Any CPU.Build.0 = Release|Any CPU
		{97164A8D-001D-42BC-B0BF-9D62E4B3D815}.Debug|Any CPU.ActiveCfg = Debug|Any CPU
		{97164A8D-001D-42BC-B0BF-9D62E4B3D815}.Debug|Any CPU.Build.0 = Debug|Any CPU
		{97164A8D-001D-42BC-B0BF-9D62E4B3D815}.Release|Any CPU.ActiveCfg = Release|Any CPU
		{97164A8D-001D-42BC-B0BF-9D62E4B3D815}.Release|Any CPU.Build.0 = Release|Any CPU
		{DE7A112F-F209-4F7E-91CB-C16D86A091C8}.Debug|Any CPU.ActiveCfg = Debug|Any CPU
		{DE7A112F-F209-4F7E-91CB-C16D86A091C8}.Debug|Any CPU.Build.0 = Debug|Any CPU
		{DE7A112F-F209-4F7E-91CB-C16D86A091C8}.Release|Any CPU.ActiveCfg = Release|Any CPU
		{DE7A112F-F209-4F7E-91CB-C16D86A091C8}.Release|Any CPU.Build.0 = Release|Any CPU
		{47022B9B-24B9-40C8-B6F7-E983D93F4587}.Debug|Any CPU.ActiveCfg = Debug|Any CPU
		{47022B9B-24B9-40C8-B6F7-E983D93F4587}.Debug|Any CPU.Build.0 = Debug|Any CPU
		{47022B9B-24B9-40C8-B6F7-E983D93F4587}.Release|Any CPU.ActiveCfg = Release|Any CPU
		{47022B9B-24B9-40C8-B6F7-E983D93F4587}.Release|Any CPU.Build.0 = Release|Any CPU
	EndGlobalSection
	GlobalSection(SolutionProperties) = preSolution
		HideSolutionNode = FALSE
	EndGlobalSection
	GlobalSection(ExtensibilityGlobals) = postSolution
		SolutionGuid = {6015FD62-086D-443B-AB3B-030677EBB6B8}
	EndGlobalSection
EndGlobal
